
Microsoft Visual Studio Solution File, Format Version 12.00
# Visual Studio 15
VisualStudioVersion = 15.0.27428.2043
MinimumVisualStudioVersion = 10.0.40219.1
Project("{FAE04EC0-301F-11D3-BF4B-00C04F79EFBC}") = "VisionArtificial", "VisionArtificial\VisionArtificial.csproj", "{68CAD7FA-02F4-4CAF-966C-22AE0F9442D6}"
EndProject
Global
	GlobalSection(SolutionConfigurationPlatforms) = preSolution
		Debug|Any CPU = Debug|Any CPU
		Release|Any CPU = Release|Any CPU
	EndGlobalSection
	GlobalSection(ProjectConfigurationPlatforms) = postSolution
		{68CAD7FA-02F4-4CAF-966C-22AE0F9442D6}.Debug|Any CPU.ActiveCfg = Debug|Any CPU
		{68CAD7FA-02F4-4CAF-966C-22AE0F9442D6}.Debug|Any CPU.Build.0 = Debug|Any CPU
		{68CAD7FA-02F4-4CAF-966C-22AE0F9442D6}.Release|Any CPU.ActiveCfg = Release|Any CPU
		{68CAD7FA-02F4-4CAF-966C-22AE0F9442D6}.Release|Any CPU.Build.0 = Release|Any CPU
	EndGlobalSection
	GlobalSection(SolutionProperties) = preSolution
		HideSolutionNode = FALSE
	EndGlobalSection
	GlobalSection(ExtensibilityGlobals) = postSolution
		SolutionGuid = {FE1064A6-D236-44B8-9C42-252CCF2D6F2A}
	EndGlobalSection
EndGlobal
